
Microsoft Visual Studio Solution File, Format Version 12.00
# Visual Studio Version 17
VisualStudioVersion = 17.3.32929.385
MinimumVisualStudioVersion = 10.0.40219.1
Project("{9A19103F-16F7-4668-BE54-9A1E7A4F7556}") = "FSLTaskManager", "FSLTaskManager\FSLTaskManager.csproj", "{44BE6DF1-0DD5-4725-B60C-5E1BAD8020F7}"
EndProject
Project("{54435603-DBB4-11D2-8724-00A0C9A8B90C}") = "FSLTaskManagerSetup", "FSLTaskManagerSetup\FSLTaskManagerSetup.vdproj", "{10CEDE22-1C80-4F5F-9FDA-162A37B4464B}"
EndProject
Global
	GlobalSection(SolutionConfigurationPlatforms) = preSolution
		Debug|Any CPU = Debug|Any CPU
		Release|Any CPU = Release|Any CPU
	EndGlobalSection
	GlobalSection(ProjectConfigurationPlatforms) = postSolution
		{44BE6DF1-0DD5-4725-B60C-5E1BAD8020F7}.Debug|Any CPU.ActiveCfg = Debug|Any CPU
		{44BE6DF1-0DD5-4725-B60C-5E1BAD8020F7}.Debug|Any CPU.Build.0 = Debug|Any CPU
		{44BE6DF1-0DD5-4725-B60C-5E1BAD8020F7}.Release|Any CPU.ActiveCfg = Release|Any CPU
		{44BE6DF1-0DD5-4725-B60C-5E1BAD8020F7}.Release|Any CPU.Build.0 = Release|Any CPU
		{10CEDE22-1C80-4F5F-9FDA-162A37B4464B}.Debug|Any CPU.ActiveCfg = Debug
		{10CEDE22-1C80-4F5F-9FDA-162A37B4464B}.Release|Any CPU.ActiveCfg = Release
	EndGlobalSection
	GlobalSection(SolutionProperties) = preSolution
		HideSolutionNode = FALSE
	EndGlobalSection
	GlobalSection(ExtensibilityGlobals) = postSolution
		SolutionGuid = {DE85AB28-CC31-4A47-8211-8C9DCAF77E60}
	EndGlobalSection
EndGlobal
